
Microsoft Visual Studio Solution File, Format Version 12.00
# Visual Studio Version 17
VisualStudioVersion = 17.7.34024.191
MinimumVisualStudioVersion = 10.0.40219.1
Project("{FAE04EC0-301F-11D3-BF4B-00C04F79EFBC}") = "DodgeButton", "DodgeButton.csproj", "{50606F94-C77E-4199-BD4C-A318D0B63E8F}"
EndProject
Global
	GlobalSection(SolutionConfigurationPlatforms) = preSolution
		Debug|Any CPU = Debug|Any CPU
		Release|Any CPU = Release|Any CPU
	EndGlobalSection
	GlobalSection(ProjectConfigurationPlatforms) = postSolution
		{50606F94-C77E-4199-BD4C-A318D0B63E8F}.Debug|Any CPU.ActiveCfg = Debug|Any CPU
		{50606F94-C77E-4199-BD4C-A318D0B63E8F}.Debug|Any CPU.Build.0 = Debug|Any CPU
		{50606F94-C77E-4199-BD4C-A318D0B63E8F}.Release|Any CPU.ActiveCfg = Release|Any CPU
		{50606F94-C77E-4199-BD4C-A318D0B63E8F}.Release|Any CPU.Build.0 = Release|Any CPU
	EndGlobalSection
	GlobalSection(SolutionProperties) = preSolution
		HideSolutionNode = FALSE
	EndGlobalSection
	GlobalSection(ExtensibilityGlobals) = postSolution
		SolutionGuid = {A272497B-508D-475B-A56A-91EDE9F0C79E}
	EndGlobalSection
EndGlobal
